
Microsoft Visual Studio Solution File, Format Version 12.00
# Visual Studio Version 17
VisualStudioVersion = 17.5.33530.505
MinimumVisualStudioVersion = 10.0.40219.1
Project("{FAE04EC0-301F-11D3-BF4B-00C04F79EFBC}") = "VinCalcAutomation", "VinCalcAutomation.csproj", "{393C956E-CADA-4BCD-B4F9-4DA1D0C4F531}"
EndProject
Global
	GlobalSection(SolutionConfigurationPlatforms) = preSolution
		Debug|Any CPU = Debug|Any CPU
		Release|Any CPU = Release|Any CPU
	EndGlobalSection
	GlobalSection(ProjectConfigurationPlatforms) = postSolution
		{393C956E-CADA-4BCD-B4F9-4DA1D0C4F531}.Debug|Any CPU.ActiveCfg = Debug|Any CPU
		{393C956E-CADA-4BCD-B4F9-4DA1D0C4F531}.Debug|Any CPU.Build.0 = Debug|Any CPU
		{393C956E-CADA-4BCD-B4F9-4DA1D0C4F531}.Release|Any CPU.ActiveCfg = Release|Any CPU
		{393C956E-CADA-4BCD-B4F9-4DA1D0C4F531}.Release|Any CPU.Build.0 = Release|Any CPU
	EndGlobalSection
	GlobalSection(SolutionProperties) = preSolution
		HideSolutionNode = FALSE
	EndGlobalSection
	GlobalSection(ExtensibilityGlobals) = postSolution
		SolutionGuid = {6DE2316D-2394-4C32-80C7-AA817CE056EB}
	EndGlobalSection
EndGlobal
